
Microsoft Visual Studio Solution File, Format Version 12.00
# Visual Studio Version 17
VisualStudioVersion = 17.5.33516.290
MinimumVisualStudioVersion = 10.0.40219.1
Project("{9A19103F-16F7-4668-BE54-9A1E7A4F7556}") = "Api", "Api\Api.csproj", "{266F7FE5-26CF-4A32-BF5F-E4634089A77E}"
EndProject
Project("{9A19103F-16F7-4668-BE54-9A1E7A4F7556}") = "Model", "Model\Model.csproj", "{711571CF-3242-4E75-A636-646651BB4989}"
EndProject
Project("{9A19103F-16F7-4668-BE54-9A1E7A4F7556}") = "Core", "Core\Core.csproj", "{496ADE76-1AD2-474B-8631-8EDA4588E373}"
EndProject
Project("{FAE04EC0-301F-11D3-BF4B-00C04F79EFBC}") = "Enums", "Enums\Enums.csproj", "{7DB1AB62-EB19-4FF9-BCE7-2B00DE1E2BBB}"
EndProject
Global
	GlobalSection(SolutionConfigurationPlatforms) = preSolution
		Debug|Any CPU = Debug|Any CPU
		Release|Any CPU = Release|Any CPU
	EndGlobalSection
	GlobalSection(ProjectConfigurationPlatforms) = postSolution
		{266F7FE5-26CF-4A32-BF5F-E4634089A77E}.Debug|Any CPU.ActiveCfg = Debug|Any CPU
		{266F7FE5-26CF-4A32-BF5F-E4634089A77E}.Debug|Any CPU.Build.0 = Debug|Any CPU
		{266F7FE5-26CF-4A32-BF5F-E4634089A77E}.Release|Any CPU.ActiveCfg = Release|Any CPU
		{266F7FE5-26CF-4A32-BF5F-E4634089A77E}.Release|Any CPU.Build.0 = Release|Any CPU
		{711571CF-3242-4E75-A636-646651BB4989}.Debug|Any CPU.ActiveCfg = Debug|Any CPU
		{711571CF-3242-4E75-A636-646651BB4989}.Debug|Any CPU.Build.0 = Debug|Any CPU
		{711571CF-3242-4E75-A636-646651BB4989}.Release|Any CPU.ActiveCfg = Release|Any CPU
		{711571CF-3242-4E75-A636-646651BB4989}.Release|Any CPU.Build.0 = Release|Any CPU
		{496ADE76-1AD2-474B-8631-8EDA4588E373}.Debug|Any CPU.ActiveCfg = Debug|Any CPU
		{496ADE76-1AD2-474B-8631-8EDA4588E373}.Debug|Any CPU.Build.0 = Debug|Any CPU
		{496ADE76-1AD2-474B-8631-8EDA4588E373}.Release|Any CPU.ActiveCfg = Release|Any CPU
		{496ADE76-1AD2-474B-8631-8EDA4588E373}.Release|Any CPU.Build.0 = Release|Any CPU
		{7DB1AB62-EB19-4FF9-BCE7-2B00DE1E2BBB}.Debug|Any CPU.ActiveCfg = Debug|Any CPU
		{7DB1AB62-EB19-4FF9-BCE7-2B00DE1E2BBB}.Debug|Any CPU.Build.0 = Debug|Any CPU
		{7DB1AB62-EB19-4FF9-BCE7-2B00DE1E2BBB}.Release|Any CPU.ActiveCfg = Release|Any CPU
		{7DB1AB62-EB19-4FF9-BCE7-2B00DE1E2BBB}.Release|Any CPU.Build.0 = Release|Any CPU
	EndGlobalSection
	GlobalSection(SolutionProperties) = preSolution
		HideSolutionNode = FALSE
	EndGlobalSection
	GlobalSection(ExtensibilityGlobals) = postSolution
		SolutionGuid = {50F58945-5581-49C9-B27E-22F6DDD10529}
	EndGlobalSection
EndGlobal
